
Microsoft Visual Studio Solution File, Format Version 12.00
# Visual Studio Version 16
VisualStudioVersion = 16.0.30709.64
MinimumVisualStudioVersion = 10.0.40219.1
Project("{FAE04EC0-301F-11D3-BF4B-00C04F79EFBC}") = "TinyShell", "TinyShell.csproj", "{C4924CF0-BA0C-45BD-933C-16AC2618FD02}"
EndProject
Global
	GlobalSection(SolutionConfigurationPlatforms) = preSolution
		Debug|Any CPU = Debug|Any CPU
		Debug|x64 = Debug|x64
		Debug|x86 = Debug|x86
		Release|Any CPU = Release|Any CPU
		Release|x64 = Release|x64
		Release|x86 = Release|x86
	EndGlobalSection
	GlobalSection(ProjectConfigurationPlatforms) = postSolution
		{C4924CF0-BA0C-45BD-933C-16AC2618FD02}.Debug|Any CPU.ActiveCfg = Debug|Any CPU
		{C4924CF0-BA0C-45BD-933C-16AC2618FD02}.Debug|Any CPU.Build.0 = Debug|Any CPU
		{C4924CF0-BA0C-45BD-933C-16AC2618FD02}.Debug|x64.ActiveCfg = Debug|x64
		{C4924CF0-BA0C-45BD-933C-16AC2618FD02}.Debug|x64.Build.0 = Debug|x64
		{C4924CF0-BA0C-45BD-933C-16AC2618FD02}.Debug|x86.ActiveCfg = Debug|x86
		{C4924CF0-BA0C-45BD-933C-16AC2618FD02}.Debug|x86.Build.0 = Debug|x86
		{C4924CF0-BA0C-45BD-933C-16AC2618FD02}.Release|Any CPU.ActiveCfg = Release|Any CPU
		{C4924CF0-BA0C-45BD-933C-16AC2618FD02}.Release|Any CPU.Build.0 = Release|Any CPU
		{C4924CF0-BA0C-45BD-933C-16AC2618FD02}.Release|x64.ActiveCfg = Release|x64
		{C4924CF0-BA0C-45BD-933C-16AC2618FD02}.Release|x64.Build.0 = Release|x64
		{C4924CF0-BA0C-45BD-933C-16AC2618FD02}.Release|x86.ActiveCfg = Release|x86
		{C4924CF0-BA0C-45BD-933C-16AC2618FD02}.Release|x86.Build.0 = Release|x86
	EndGlobalSection
	GlobalSection(SolutionProperties) = preSolution
		HideSolutionNode = FALSE
	EndGlobalSection
	GlobalSection(ExtensibilityGlobals) = postSolution
		SolutionGuid = {7766D50C-AA28-4925-9D84-2248BBB60D02}
	EndGlobalSection
EndGlobal
